
Microsoft Visual Studio Solution File, Format Version 12.00
# Visual Studio Version 17
VisualStudioVersion = 17.13.35931.197
MinimumVisualStudioVersion = 10.0.40219.1
Project("{2150E333-8FDC-42A3-9474-1A3956D46DE8}") = "src", "src", "{02EA681E-C7D8-13C7-8484-4AC65E1B71E8}"
	ProjectSection(SolutionItems) = preProject
		.gitignore = .gitignore
	EndProjectSection
EndProject
Project("{2150E333-8FDC-42A3-9474-1A3956D46DE8}") = "Core", "Core", "{DC2C8CC3-A7C1-4C63-BCA9-B9427204DE5F}"
EndProject
Project("{2150E333-8FDC-42A3-9474-1A3956D46DE8}") = "Infrastructure", "Infrastructure", "{042883F3-9379-48DB-8D01-1DB7FA924782}"
EndProject
Project("{FAE04EC0-301F-11D3-BF4B-00C04F79EFBC}") = "TalkSpace.Api", "TalkSpace.Api\TalkSpace.Api.csproj", "{09529073-5322-4C83-9AA9-14D8435153A8}"
EndProject
Project("{FAE04EC0-301F-11D3-BF4B-00C04F79EFBC}") = "Application", "Application\Application.csproj", "{C3753D6D-8C4A-437F-8096-55FB4A489411}"
EndProject
Project("{FAE04EC0-301F-11D3-BF4B-00C04F79EFBC}") = "Persistence", "Persistence\Persistence.csproj", "{327ABD06-5CAB-47CD-A622-D1E858ADF441}"
EndProject
Project("{FAE04EC0-301F-11D3-BF4B-00C04F79EFBC}") = "Domain", "Domain\Domain.csproj", "{E19A8D8F-BBEA-4BBE-A421-4019801364D9}"
EndProject
Global
	GlobalSection(SolutionConfigurationPlatforms) = preSolution
		Debug|Any CPU = Debug|Any CPU
		Release|Any CPU = Release|Any CPU
	EndGlobalSection
	GlobalSection(ProjectConfigurationPlatforms) = postSolution
		{09529073-5322-4C83-9AA9-14D8435153A8}.Debug|Any CPU.ActiveCfg = Debug|Any CPU
		{09529073-5322-4C83-9AA9-14D8435153A8}.Debug|Any CPU.Build.0 = Debug|Any CPU
		{09529073-5322-4C83-9AA9-14D8435153A8}.Release|Any CPU.ActiveCfg = Release|Any CPU
		{09529073-5322-4C83-9AA9-14D8435153A8}.Release|Any CPU.Build.0 = Release|Any CPU
		{C3753D6D-8C4A-437F-8096-55FB4A489411}.Debug|Any CPU.ActiveCfg = Debug|Any CPU
		{C3753D6D-8C4A-437F-8096-55FB4A489411}.Debug|Any CPU.Build.0 = Debug|Any CPU
		{C3753D6D-8C4A-437F-8096-55FB4A489411}.Release|Any CPU.ActiveCfg = Release|Any CPU
		{C3753D6D-8C4A-437F-8096-55FB4A489411}.Release|Any CPU.Build.0 = Release|Any CPU
		{327ABD06-5CAB-47CD-A622-D1E858ADF441}.Debug|Any CPU.ActiveCfg = Debug|Any CPU
		{327ABD06-5CAB-47CD-A622-D1E858ADF441}.Debug|Any CPU.Build.0 = Debug|Any CPU
		{327ABD06-5CAB-47CD-A622-D1E858ADF441}.Release|Any CPU.ActiveCfg = Release|Any CPU
		{327ABD06-5CAB-47CD-A622-D1E858ADF441}.Release|Any CPU.Build.0 = Release|Any CPU
		{E19A8D8F-BBEA-4BBE-A421-4019801364D9}.Debug|Any CPU.ActiveCfg = Debug|Any CPU
		{E19A8D8F-BBEA-4BBE-A421-4019801364D9}.Debug|Any CPU.Build.0 = Debug|Any CPU
		{E19A8D8F-BBEA-4BBE-A421-4019801364D9}.Release|Any CPU.ActiveCfg = Release|Any CPU
		{E19A8D8F-BBEA-4BBE-A421-4019801364D9}.Release|Any CPU.Build.0 = Release|Any CPU
	EndGlobalSection
	GlobalSection(SolutionProperties) = preSolution
		HideSolutionNode = FALSE
	EndGlobalSection
	GlobalSection(NestedProjects) = preSolution
		{DC2C8CC3-A7C1-4C63-BCA9-B9427204DE5F} = {02EA681E-C7D8-13C7-8484-4AC65E1B71E8}
		{042883F3-9379-48DB-8D01-1DB7FA924782} = {02EA681E-C7D8-13C7-8484-4AC65E1B71E8}
		{09529073-5322-4C83-9AA9-14D8435153A8} = {02EA681E-C7D8-13C7-8484-4AC65E1B71E8}
		{C3753D6D-8C4A-437F-8096-55FB4A489411} = {DC2C8CC3-A7C1-4C63-BCA9-B9427204DE5F}
		{327ABD06-5CAB-47CD-A622-D1E858ADF441} = {042883F3-9379-48DB-8D01-1DB7FA924782}
		{E19A8D8F-BBEA-4BBE-A421-4019801364D9} = {DC2C8CC3-A7C1-4C63-BCA9-B9427204DE5F}
	EndGlobalSection
	GlobalSection(ExtensibilityGlobals) = postSolution
		SolutionGuid = {D16C59BD-C305-4ABA-ACC7-9A7D9E37A4F4}
	EndGlobalSection
EndGlobal
